{
  "version": 4,
  "terraform_version": "1.9.4",
  "serial": 1,
  "lineage": "47011c02-2545-2763-4bf2-7a1d0593aea6",
  "outputs": {},
  "resources": [
    {
      "mode": "managed",
      "type": "spotify_playlist",
      "name": "Bollywood",
      "provider": "provider[\"registry.terraform.io/conradludgate/spotify\"]",
      "instances": [
        {
          "schema_version": 0,
          "attributes": {
            "description": null,
            "id": "78WsC3hZot4PSye1GNbYbO",
            "name": "Bollywood",
            "public": true,
            "snapshot_id": "AAAAAho39I64zVhw3uFhXs8xWfbV2JJE",
            "tracks": [
              "131yybV7A3TmC34a0qE8u8"
            ]
          },
          "sensitive_attributes": [],
          "private": "bnVsbA=="
        }
      ]
    }
  ],
  "check_results": null
}
